
Microsoft Visual Studio Solution File, Format Version 12.00
# Visual Studio Version 16
VisualStudioVersion = 16.0.31402.337
MinimumVisualStudioVersion = 10.0.40219.1
Project("{9A19103F-16F7-4668-BE54-9A1E7A4F7556}") = "HighPassFilter.CS", "HighPassFilter.CS\HighPassFilter.CS.csproj", "{D6E4105C-AAD8-4136-9907-8DD1686FB2D6}"
EndProject
Project("{8BC9CEB8-8B4A-11D0-8D11-00A0C91BC942}") = "HighPassFilter.Cpp", "HighPassFilter.Cpp\HighPassFilter.Cpp.vcxproj", "{300A85B1-2A12-4060-9A86-4B9F81A94348}"
EndProject
Project("{8BC9CEB8-8B4A-11D0-8D11-00A0C91BC942}") = "HighPassFilter.Asm", "HighPassFilter.Asm\HighPassFilter.Asm.vcxproj", "{CC6DC1F0-E4E7-4C0A-BCA0-CB7A7713AB0A}"
EndProject
Global
	GlobalSection(SolutionConfigurationPlatforms) = preSolution
		Debug|Any CPU = Debug|Any CPU
		Debug|x64 = Debug|x64
		Debug|x86 = Debug|x86
		Release|Any CPU = Release|Any CPU
		Release|x64 = Release|x64
		Release|x86 = Release|x86
	EndGlobalSection
	GlobalSection(ProjectConfigurationPlatforms) = postSolution
		{D6E4105C-AAD8-4136-9907-8DD1686FB2D6}.Debug|Any CPU.ActiveCfg = Debug|Any CPU
		{D6E4105C-AAD8-4136-9907-8DD1686FB2D6}.Debug|Any CPU.Build.0 = Debug|Any CPU
		{D6E4105C-AAD8-4136-9907-8DD1686FB2D6}.Debug|x64.ActiveCfg = Debug|Any CPU
		{D6E4105C-AAD8-4136-9907-8DD1686FB2D6}.Debug|x64.Build.0 = Debug|Any CPU
		{D6E4105C-AAD8-4136-9907-8DD1686FB2D6}.Debug|x86.ActiveCfg = Debug|Any CPU
		{D6E4105C-AAD8-4136-9907-8DD1686FB2D6}.Debug|x86.Build.0 = Debug|Any CPU
		{D6E4105C-AAD8-4136-9907-8DD1686FB2D6}.Release|Any CPU.ActiveCfg = Release|Any CPU
		{D6E4105C-AAD8-4136-9907-8DD1686FB2D6}.Release|Any CPU.Build.0 = Release|Any CPU
		{D6E4105C-AAD8-4136-9907-8DD1686FB2D6}.Release|x64.ActiveCfg = Release|Any CPU
		{D6E4105C-AAD8-4136-9907-8DD1686FB2D6}.Release|x64.Build.0 = Release|Any CPU
		{D6E4105C-AAD8-4136-9907-8DD1686FB2D6}.Release|x86.ActiveCfg = Release|Any CPU
		{D6E4105C-AAD8-4136-9907-8DD1686FB2D6}.Release|x86.Build.0 = Release|Any CPU
		{300A85B1-2A12-4060-9A86-4B9F81A94348}.Debug|Any CPU.ActiveCfg = Debug|Win32
		{300A85B1-2A12-4060-9A86-4B9F81A94348}.Debug|x64.ActiveCfg = Debug|x64
		{300A85B1-2A12-4060-9A86-4B9F81A94348}.Debug|x64.Build.0 = Debug|x64
		{300A85B1-2A12-4060-9A86-4B9F81A94348}.Debug|x86.ActiveCfg = Debug|Win32
		{300A85B1-2A12-4060-9A86-4B9F81A94348}.Debug|x86.Build.0 = Debug|Win32
		{300A85B1-2A12-4060-9A86-4B9F81A94348}.Release|Any CPU.ActiveCfg = Release|Win32
		{300A85B1-2A12-4060-9A86-4B9F81A94348}.Release|x64.ActiveCfg = Release|x64
		{300A85B1-2A12-4060-9A86-4B9F81A94348}.Release|x64.Build.0 = Release|x64
		{300A85B1-2A12-4060-9A86-4B9F81A94348}.Release|x86.ActiveCfg = Release|Win32
		{300A85B1-2A12-4060-9A86-4B9F81A94348}.Release|x86.Build.0 = Release|Win32
		{CC6DC1F0-E4E7-4C0A-BCA0-CB7A7713AB0A}.Debug|Any CPU.ActiveCfg = Debug|Win32
		{CC6DC1F0-E4E7-4C0A-BCA0-CB7A7713AB0A}.Debug|x64.ActiveCfg = Debug|x64
		{CC6DC1F0-E4E7-4C0A-BCA0-CB7A7713AB0A}.Debug|x64.Build.0 = Debug|x64
		{CC6DC1F0-E4E7-4C0A-BCA0-CB7A7713AB0A}.Debug|x86.ActiveCfg = Debug|Win32
		{CC6DC1F0-E4E7-4C0A-BCA0-CB7A7713AB0A}.Debug|x86.Build.0 = Debug|Win32
		{CC6DC1F0-E4E7-4C0A-BCA0-CB7A7713AB0A}.Release|Any CPU.ActiveCfg = Release|Win32
		{CC6DC1F0-E4E7-4C0A-BCA0-CB7A7713AB0A}.Release|x64.ActiveCfg = Release|x64
		{CC6DC1F0-E4E7-4C0A-BCA0-CB7A7713AB0A}.Release|x64.Build.0 = Release|x64
		{CC6DC1F0-E4E7-4C0A-BCA0-CB7A7713AB0A}.Release|x86.ActiveCfg = Release|Win32
		{CC6DC1F0-E4E7-4C0A-BCA0-CB7A7713AB0A}.Release|x86.Build.0 = Release|Win32
	EndGlobalSection
	GlobalSection(SolutionProperties) = preSolution
		HideSolutionNode = FALSE
	EndGlobalSection
	GlobalSection(ExtensibilityGlobals) = postSolution
		SolutionGuid = {A01E9B52-8FE3-43A5-A85E-84536F6D3CDF}
	EndGlobalSection
EndGlobal
